
Microsoft Visual Studio Solution File, Format Version 12.00
Project("{FAE04EC0-301F-11D3-BF4B-00C04F79EFBC}") = "Recurrsion", "Recurrsion\Recurrsion.csproj", "{598AF85F-25C5-4905-BAA0-7F0D47D29ACD}"
EndProject
Global
	GlobalSection(SolutionConfigurationPlatforms) = preSolution
		Debug|Any CPU = Debug|Any CPU
		Release|Any CPU = Release|Any CPU
	EndGlobalSection
	GlobalSection(ProjectConfigurationPlatforms) = postSolution
		{598AF85F-25C5-4905-BAA0-7F0D47D29ACD}.Debug|Any CPU.ActiveCfg = Debug|Any CPU
		{598AF85F-25C5-4905-BAA0-7F0D47D29ACD}.Debug|Any CPU.Build.0 = Debug|Any CPU
		{598AF85F-25C5-4905-BAA0-7F0D47D29ACD}.Release|Any CPU.ActiveCfg = Release|Any CPU
		{598AF85F-25C5-4905-BAA0-7F0D47D29ACD}.Release|Any CPU.Build.0 = Release|Any CPU
	EndGlobalSection
EndGlobal
