
Microsoft Visual Studio Solution File, Format Version 12.00
# Visual Studio Version 16
VisualStudioVersion = 16.0.31313.79
MinimumVisualStudioVersion = 10.0.40219.1
Project("{9A19103F-16F7-4668-BE54-9A1E7A4F7556}") = "ForLoopPractice", "ForLoopPractice\ForLoopPractice.csproj", "{E9FC4C92-B9B0-4762-AF0F-534BE8C11C06}"
EndProject
Project("{9A19103F-16F7-4668-BE54-9A1E7A4F7556}") = "NumbersEndingIn7", "NumbersEndingIn7\NumbersEndingIn7.csproj", "{8547173A-CE7A-412E-AA27-337C0B03EEDA}"
EndProject
Project("{9A19103F-16F7-4668-BE54-9A1E7A4F7556}") = "HalfSumElement", "HalfSumElement\HalfSumElement.csproj", "{C3C45F58-8B9D-477A-BEE4-128BF7F4DD92}"
EndProject
Project("{FAE04EC0-301F-11D3-BF4B-00C04F79EFBC}") = "OddOrEvenPosition", "OddOrEvenPosition\OddOrEvenPosition.csproj", "{75DD0931-E236-4718-804D-AFC667C9BDA4}"
EndProject
Project("{FAE04EC0-301F-11D3-BF4B-00C04F79EFBC}") = "Histogram", "Histogram\Histogram.csproj", "{3D3B59C9-6161-4C7C-9EA0-8CEF737106DC}"
EndProject
Project("{FAE04EC0-301F-11D3-BF4B-00C04F79EFBC}") = "DivideWithoutRemainder", "DivideWithoutRemainder\DivideWithoutRemainder.csproj", "{E65E7C44-C2F8-4C2C-B132-71D65A3F3F57}"
EndProject
Project("{FAE04EC0-301F-11D3-BF4B-00C04F79EFBC}") = "Salary", "Salary\Salary.csproj", "{C6A9815A-3111-4B70-BF74-ED73C5BEDF4E}"
EndProject
Global
	GlobalSection(SolutionConfigurationPlatforms) = preSolution
		Debug|Any CPU = Debug|Any CPU
		Release|Any CPU = Release|Any CPU
	EndGlobalSection
	GlobalSection(ProjectConfigurationPlatforms) = postSolution
		{E9FC4C92-B9B0-4762-AF0F-534BE8C11C06}.Debug|Any CPU.ActiveCfg = Debug|Any CPU
		{E9FC4C92-B9B0-4762-AF0F-534BE8C11C06}.Debug|Any CPU.Build.0 = Debug|Any CPU
		{E9FC4C92-B9B0-4762-AF0F-534BE8C11C06}.Release|Any CPU.ActiveCfg = Release|Any CPU
		{E9FC4C92-B9B0-4762-AF0F-534BE8C11C06}.Release|Any CPU.Build.0 = Release|Any CPU
		{8547173A-CE7A-412E-AA27-337C0B03EEDA}.Debug|Any CPU.ActiveCfg = Debug|Any CPU
		{8547173A-CE7A-412E-AA27-337C0B03EEDA}.Debug|Any CPU.Build.0 = Debug|Any CPU
		{8547173A-CE7A-412E-AA27-337C0B03EEDA}.Release|Any CPU.ActiveCfg = Release|Any CPU
		{8547173A-CE7A-412E-AA27-337C0B03EEDA}.Release|Any CPU.Build.0 = Release|Any CPU
		{C3C45F58-8B9D-477A-BEE4-128BF7F4DD92}.Debug|Any CPU.ActiveCfg = Debug|Any CPU
		{C3C45F58-8B9D-477A-BEE4-128BF7F4DD92}.Debug|Any CPU.Build.0 = Debug|Any CPU
		{C3C45F58-8B9D-477A-BEE4-128BF7F4DD92}.Release|Any CPU.ActiveCfg = Release|Any CPU
		{C3C45F58-8B9D-477A-BEE4-128BF7F4DD92}.Release|Any CPU.Build.0 = Release|Any CPU
		{75DD0931-E236-4718-804D-AFC667C9BDA4}.Debug|Any CPU.ActiveCfg = Debug|Any CPU
		{75DD0931-E236-4718-804D-AFC667C9BDA4}.Debug|Any CPU.Build.0 = Debug|Any CPU
		{75DD0931-E236-4718-804D-AFC667C9BDA4}.Release|Any CPU.ActiveCfg = Release|Any CPU
		{75DD0931-E236-4718-804D-AFC667C9BDA4}.Release|Any CPU.Build.0 = Release|Any CPU
		{3D3B59C9-6161-4C7C-9EA0-8CEF737106DC}.Debug|Any CPU.ActiveCfg = Debug|Any CPU
		{3D3B59C9-6161-4C7C-9EA0-8CEF737106DC}.Debug|Any CPU.Build.0 = Debug|Any CPU
		{3D3B59C9-6161-4C7C-9EA0-8CEF737106DC}.Release|Any CPU.ActiveCfg = Release|Any CPU
		{3D3B59C9-6161-4C7C-9EA0-8CEF737106DC}.Release|Any CPU.Build.0 = Release|Any CPU
		{E65E7C44-C2F8-4C2C-B132-71D65A3F3F57}.Debug|Any CPU.ActiveCfg = Debug|Any CPU
		{E65E7C44-C2F8-4C2C-B132-71D65A3F3F57}.Debug|Any CPU.Build.0 = Debug|Any CPU
		{E65E7C44-C2F8-4C2C-B132-71D65A3F3F57}.Release|Any CPU.ActiveCfg = Release|Any CPU
		{E65E7C44-C2F8-4C2C-B132-71D65A3F3F57}.Release|Any CPU.Build.0 = Release|Any CPU
		{C6A9815A-3111-4B70-BF74-ED73C5BEDF4E}.Debug|Any CPU.ActiveCfg = Debug|Any CPU
		{C6A9815A-3111-4B70-BF74-ED73C5BEDF4E}.Debug|Any CPU.Build.0 = Debug|Any CPU
		{C6A9815A-3111-4B70-BF74-ED73C5BEDF4E}.Release|Any CPU.ActiveCfg = Release|Any CPU
		{C6A9815A-3111-4B70-BF74-ED73C5BEDF4E}.Release|Any CPU.Build.0 = Release|Any CPU
	EndGlobalSection
	GlobalSection(SolutionProperties) = preSolution
		HideSolutionNode = FALSE
	EndGlobalSection
	GlobalSection(ExtensibilityGlobals) = postSolution
		SolutionGuid = {D333AF0A-F5BB-4928-99B3-3790B492F486}
	EndGlobalSection
EndGlobal
