
Microsoft Visual Studio Solution File, Format Version 12.00
# Visual Studio Version 16
VisualStudioVersion = 16.0.31313.79
MinimumVisualStudioVersion = 10.0.40219.1
Project("{9A19103F-16F7-4668-BE54-9A1E7A4F7556}") = "UsdToBG", "UsdToBG\UsdToBG.csproj", "{DB05E5C8-B776-4590-B09C-DD72856CBDBB}"
EndProject
Project("{9A19103F-16F7-4668-BE54-9A1E7A4F7556}") = "RadiansTODegrees", "RadiansTODegrees\RadiansTODegrees.csproj", "{0F07B639-94DF-47E1-B772-DC95EABB2539}"
EndProject
Project("{9A19103F-16F7-4668-BE54-9A1E7A4F7556}") = "DepositCalculator", "DepositCalculator\DepositCalculator.csproj", "{AF181EB8-05BA-4C5F-9AA9-1DF6AA789FCF}"
EndProject
Project("{9A19103F-16F7-4668-BE54-9A1E7A4F7556}") = "VacationBooksList", "VacationBooksList\VacationBooksList.csproj", "{DFA24D9D-58A0-4B74-8E57-A97E3B4A52A0}"
EndProject
Project("{9A19103F-16F7-4668-BE54-9A1E7A4F7556}") = "BirthdayParty", "BirthdayParty\BirthdayParty.csproj", "{4D8408EA-E5A5-4CCD-85CE-0F71A2836B1E}"
EndProject
Project("{9A19103F-16F7-4668-BE54-9A1E7A4F7556}") = "CharityCampaign", "CharityCampaign\CharityCampaign.csproj", "{DD32BBCC-9960-41B8-B5DC-554C11FE0EA7}"
EndProject
Project("{9A19103F-16F7-4668-BE54-9A1E7A4F7556}") = "FruitMarket", "FruitMarket\FruitMarket.csproj", "{90A0746D-CECA-466B-8BBF-DB2F4490CE85}"
EndProject
Project("{FAE04EC0-301F-11D3-BF4B-00C04F79EFBC}") = "FishTank", "FishTank\FishTank.csproj", "{F0F9BB9B-B884-498F-9A16-2F3F75FC07EF}"
EndProject
Global
	GlobalSection(SolutionConfigurationPlatforms) = preSolution
		Debug|Any CPU = Debug|Any CPU
		Release|Any CPU = Release|Any CPU
	EndGlobalSection
	GlobalSection(ProjectConfigurationPlatforms) = postSolution
		{DB05E5C8-B776-4590-B09C-DD72856CBDBB}.Debug|Any CPU.ActiveCfg = Debug|Any CPU
		{DB05E5C8-B776-4590-B09C-DD72856CBDBB}.Debug|Any CPU.Build.0 = Debug|Any CPU
		{DB05E5C8-B776-4590-B09C-DD72856CBDBB}.Release|Any CPU.ActiveCfg = Release|Any CPU
		{DB05E5C8-B776-4590-B09C-DD72856CBDBB}.Release|Any CPU.Build.0 = Release|Any CPU
		{0F07B639-94DF-47E1-B772-DC95EABB2539}.Debug|Any CPU.ActiveCfg = Debug|Any CPU
		{0F07B639-94DF-47E1-B772-DC95EABB2539}.Debug|Any CPU.Build.0 = Debug|Any CPU
		{0F07B639-94DF-47E1-B772-DC95EABB2539}.Release|Any CPU.ActiveCfg = Release|Any CPU
		{0F07B639-94DF-47E1-B772-DC95EABB2539}.Release|Any CPU.Build.0 = Release|Any CPU
		{AF181EB8-05BA-4C5F-9AA9-1DF6AA789FCF}.Debug|Any CPU.ActiveCfg = Debug|Any CPU
		{AF181EB8-05BA-4C5F-9AA9-1DF6AA789FCF}.Debug|Any CPU.Build.0 = Debug|Any CPU
		{AF181EB8-05BA-4C5F-9AA9-1DF6AA789FCF}.Release|Any CPU.ActiveCfg = Release|Any CPU
		{AF181EB8-05BA-4C5F-9AA9-1DF6AA789FCF}.Release|Any CPU.Build.0 = Release|Any CPU
		{DFA24D9D-58A0-4B74-8E57-A97E3B4A52A0}.Debug|Any CPU.ActiveCfg = Debug|Any CPU
		{DFA24D9D-58A0-4B74-8E57-A97E3B4A52A0}.Debug|Any CPU.Build.0 = Debug|Any CPU
		{DFA24D9D-58A0-4B74-8E57-A97E3B4A52A0}.Release|Any CPU.ActiveCfg = Release|Any CPU
		{DFA24D9D-58A0-4B74-8E57-A97E3B4A52A0}.Release|Any CPU.Build.0 = Release|Any CPU
		{4D8408EA-E5A5-4CCD-85CE-0F71A2836B1E}.Debug|Any CPU.ActiveCfg = Debug|Any CPU
		{4D8408EA-E5A5-4CCD-85CE-0F71A2836B1E}.Debug|Any CPU.Build.0 = Debug|Any CPU
		{4D8408EA-E5A5-4CCD-85CE-0F71A2836B1E}.Release|Any CPU.ActiveCfg = Release|Any CPU
		{4D8408EA-E5A5-4CCD-85CE-0F71A2836B1E}.Release|Any CPU.Build.0 = Release|Any CPU
		{DD32BBCC-9960-41B8-B5DC-554C11FE0EA7}.Debug|Any CPU.ActiveCfg = Debug|Any CPU
		{DD32BBCC-9960-41B8-B5DC-554C11FE0EA7}.Debug|Any CPU.Build.0 = Debug|Any CPU
		{DD32BBCC-9960-41B8-B5DC-554C11FE0EA7}.Release|Any CPU.ActiveCfg = Release|Any CPU
		{DD32BBCC-9960-41B8-B5DC-554C11FE0EA7}.Release|Any CPU.Build.0 = Release|Any CPU
		{90A0746D-CECA-466B-8BBF-DB2F4490CE85}.Debug|Any CPU.ActiveCfg = Debug|Any CPU
		{90A0746D-CECA-466B-8BBF-DB2F4490CE85}.Debug|Any CPU.Build.0 = Debug|Any CPU
		{90A0746D-CECA-466B-8BBF-DB2F4490CE85}.Release|Any CPU.ActiveCfg = Release|Any CPU
		{90A0746D-CECA-466B-8BBF-DB2F4490CE85}.Release|Any CPU.Build.0 = Release|Any CPU
		{F0F9BB9B-B884-498F-9A16-2F3F75FC07EF}.Debug|Any CPU.ActiveCfg = Debug|Any CPU
		{F0F9BB9B-B884-498F-9A16-2F3F75FC07EF}.Debug|Any CPU.Build.0 = Debug|Any CPU
		{F0F9BB9B-B884-498F-9A16-2F3F75FC07EF}.Release|Any CPU.ActiveCfg = Release|Any CPU
		{F0F9BB9B-B884-498F-9A16-2F3F75FC07EF}.Release|Any CPU.Build.0 = Release|Any CPU
	EndGlobalSection
	GlobalSection(SolutionProperties) = preSolution
		HideSolutionNode = FALSE
	EndGlobalSection
	GlobalSection(ExtensibilityGlobals) = postSolution
		SolutionGuid = {948FFDFA-6800-4F03-8D2A-587FADEC5362}
	EndGlobalSection
EndGlobal
